
Microsoft Visual Studio Solution File, Format Version 12.00
# Visual Studio 15
Project("{FAE04EC0-301F-11D3-BF4B-00C04F79EFBC}") = "Assembly-CSharp", "Assembly-CSharp.csproj", "{AB00633C-2900-C417-B149-7B4E0C6E82F1}"
EndProject
Project("{FAE04EC0-301F-11D3-BF4B-00C04F79EFBC}") = "Assembly-CSharp-Editor", "Assembly-CSharp-Editor.csproj", "{BE2F2BB1-06C2-3B45-BD76-D9DF74FF1D9A}"
EndProject
Global
	GlobalSection(SolutionConfigurationPlatforms) = preSolution
		Debug|Any CPU = Debug|Any CPU
		Release|Any CPU = Release|Any CPU
	EndGlobalSection
	GlobalSection(ProjectConfigurationPlatforms) = postSolution
		{AB00633C-2900-C417-B149-7B4E0C6E82F1}.Debug|Any CPU.ActiveCfg = Debug|Any CPU
		{AB00633C-2900-C417-B149-7B4E0C6E82F1}.Debug|Any CPU.Build.0 = Debug|Any CPU
		{AB00633C-2900-C417-B149-7B4E0C6E82F1}.Release|Any CPU.ActiveCfg = Release|Any CPU
		{AB00633C-2900-C417-B149-7B4E0C6E82F1}.Release|Any CPU.Build.0 = Release|Any CPU
		{BE2F2BB1-06C2-3B45-BD76-D9DF74FF1D9A}.Debug|Any CPU.ActiveCfg = Debug|Any CPU
		{BE2F2BB1-06C2-3B45-BD76-D9DF74FF1D9A}.Debug|Any CPU.Build.0 = Debug|Any CPU
		{BE2F2BB1-06C2-3B45-BD76-D9DF74FF1D9A}.Release|Any CPU.ActiveCfg = Release|Any CPU
		{BE2F2BB1-06C2-3B45-BD76-D9DF74FF1D9A}.Release|Any CPU.Build.0 = Release|Any CPU
	EndGlobalSection
	GlobalSection(SolutionProperties) = preSolution
		HideSolutionNode = FALSE
	EndGlobalSection
EndGlobal
